// !$*UTF8*$!
{
	archiveVersion = 1;
	classes = {
	};
	objectVersion = 50;
	objects = {

/* Begin PBXBuildFile section */
		B9AE15D122F5D7DA002B17EB /* AppDelegate.swift in Sources */ = {isa = PBXBuildFile; fileRef = B9AE15D022F5D7DA002B17EB /* AppDelegate.swift */; };
		B9AE15D322F5D7DA002B17EB /* SceneDelegate.swift in Sources */ = {isa = PBXBuildFile; fileRef = B9AE15D222F5D7DA002B17EB /* SceneDelegate.swift */; };
		B9AE15D522F5D7DA002B17EB /* ContentView.swift in Sources */ = {isa = PBXBuildFile; fileRef = B9AE15D422F5D7DA002B17EB /* ContentView.swift */; };
		B9AE15D722F5D7DB002B17EB /* Assets.xcassets in Resources */ = {isa = PBXBuildFile; fileRef = B9AE15D622F5D7DB002B17EB /* Assets.xcassets */; };
		B9AE15DA22F5D7DB002B17EB /* Preview Assets.xcassets in Resources */ = {isa = PBXBuildFile; fileRef = B9AE15D922F5D7DB002B17EB /* Preview Assets.xcassets */; };
		B9AE15DD22F5D7DB002B17EB /* LaunchScreen.storyboard in Resources */ = {isa = PBXBuildFile; fileRef = B9AE15DB22F5D7DB002B17EB /* LaunchScreen.storyboard */; };
		B9AE15E822F5D7DB002B17EB /* LandmarksTests.swift in Sources */ = {isa = PBXBuildFile; fileRef = B9AE15E722F5D7DB002B17EB /* LandmarksTests.swift */; };
		B9AE15F322F5D7DB002B17EB /* LandmarksUITests.swift in Sources */ = {isa = PBXBuildFile; fileRef = B9AE15F222F5D7DB002B17EB /* LandmarksUITests.swift */; };
		B9C8BC6D22F5E3F1004A89DB /* CircleImage.swift in Sources */ = {isa = PBXBuildFile; fileRef = B9C8BC6C22F5E3F1004A89DB /* CircleImage.swift */; };
/* End PBXBuildFile section */

/* Begin PBXContainerItemProxy section */
		B9AE15E422F5D7DB002B17EB /* PBXContainerItemProxy */ = {
			isa = PBXContainerItemProxy;
			containerPortal = B9AE15C522F5D7DA002B17EB /* Project object */;
			proxyType = 1;
			remoteGlobalIDString = B9AE15CC22F5D7DA002B17EB;
			remoteInfo = Landmarks;
		};
		B9AE15EF22F5D7DB002B17EB /* PBXContainerItemProxy */ = {
			isa = PBXContainerItemProxy;
			containerPortal = B9AE15C522F5D7DA002B17EB /* Project object */;
			proxyType = 1;
			remoteGlobalIDString = B9AE15CC22F5D7DA002B17EB;
			remoteInfo = Landmarks;
		};
/* End PBXContainerItemProxy section */

/* Begin PBXFileReference section */
		B9AE15CD22F5D7DA002B17EB /* Landmarks.app */ = {isa = PBXFileReference; explicitFileType = wrapper.application; includeInIndex = 0; path = Landmarks.app; sourceTree = BUILT_PRODUCTS_DIR; };
		B9AE15D022F5D7DA002B17EB /* AppDelegate.swift */ = {isa = PBXFileReference; lastKnownFileType = sourcecode.swift; path = AppDelegate.swift; sourceTree = "<group>"; };
		B9AE15D222F5D7DA002B17EB /* SceneDelegate.swift */ = {isa = PBXFileReference; lastKnownFileType = sourcecode.swift; path = SceneDelegate.swift; sourceTree = "<group>"; };
		B9AE15D422F5D7DA002B17EB /* ContentView.swift */ = {isa = PBXFileReference; lastKnownFileType = sourcecode.swift; path = ContentView.swift; sourceTree = "<group>"; };
		B9AE15D622F5D7DB002B17EB /* Assets.xcassets */ = {isa = PBXFileReference; lastKnownFileType = folder.assetcatalog; path = Assets.xcassets; sourceTree = "<group>"; };
		B9AE15D922F5D7DB002B17EB /* Preview Assets.xcassets */ = {isa = PBXFileReference; lastKnownFileType = folder.assetcatalog; path = "Preview Assets.xcassets"; sourceTree = "<group>"; };
		B9AE15DC22F5D7DB002B17EB /* Base */ = {isa = PBXFileReference; lastKnownFileType = file.storyboard; name = Base; path = Base.lproj/LaunchScreen.storyboard; sourceTree = "<group>"; };
		B9AE15DE22F5D7DB002B17EB /* Info.plist */ = {isa = PBXFileReference; lastKnownFileType = text.plist.xml; path = Info.plist; sourceTree = "<group>"; };
		B9AE15E322F5D7DB002B17EB /* LandmarksTests.xctest */ = {isa = PBXFileReference; explicitFileType = wrapper.cfbundle; includeInIndex = 0; path = LandmarksTests.xctest; sourceTree = BUILT_PRODUCTS_DIR; };
		B9AE15E722F5D7DB002B17EB /* LandmarksTests.swift */ = {isa = PBXFileReference; lastKnownFileType = sourcecode.swift; path = LandmarksTests.swift; sourceTree = "<group>"; };
		B9AE15E922F5D7DB002B17EB /* Info.plist */ = {isa = PBXFileReference; lastKnownFileType = text.plist.xml; path = Info.plist; sourceTree = "<group>"; };
		B9AE15EE22F5D7DB002B17EB /* LandmarksUITests.xctest */ = {isa = PBXFileReference; explicitFileType = wrapper.cfbundle; includeInIndex = 0; path = LandmarksUITests.xctest; sourceTree = BUILT_PRODUCTS_DIR; };
		B9AE15F222F5D7DB002B17EB /* LandmarksUITests.swift */ = {isa = PBXFileReference; lastKnownFileType = sourcecode.swift; path = LandmarksUITests.swift; sourceTree = "<group>"; };
		B9AE15F422F5D7DB002B17EB /* Info.plist */ = {isa = PBXFileReference; lastKnownFileType = text.plist.xml; path = Info.plist; sourceTree = "<group>"; };
		B9C8BC6C22F5E3F1004A89DB /* CircleImage.swift */ = {isa = PBXFileReference; lastKnownFileType = sourcecode.swift; path = CircleImage.swift; sourceTree = "<group>"; };
/* End PBXFileReference section */

/* Begin PBXFrameworksBuildPhase section */
		B9AE15CA22F5D7DA002B17EB /* Frameworks */ = {
			isa = PBXFrameworksBuildPhase;
			buildActionMask = 2147483647;
			files = (
			);
			runOnlyForDeploymentPostprocessing = 0;
		};
		B9AE15E022F5D7DB002B17EB /* Frameworks */ = {
			isa = PBXFrameworksBuildPhase;
			buildActionMask = 2147483647;
			files = (
			);
			runOnlyForDeploymentPostprocessing = 0;
		};
		B9AE15EB22F5D7DB002B17EB /* Frameworks */ = {
			isa = PBXFrameworksBuildPhase;
			buildActionMask = 2147483647;
			files = (
			);
			runOnlyForDeploymentPostprocessing = 0;
		};
/* End PBXFrameworksBuildPhase section */

/* Begin PBXGroup section */
		B9AE15C422F5D7DA002B17EB = {
			isa = PBXGroup;
			children = (
				B9AE15CF22F5D7DA002B17EB /* Landmarks */,
				B9AE15E622F5D7DB002B17EB /* LandmarksTests */,
				B9AE15F122F5D7DB002B17EB /* LandmarksUITests */,
				B9AE15CE22F5D7DA002B17EB /* Products */,
			);
			sourceTree = "<group>";
		};
		B9AE15CE22F5D7DA002B17EB /* Products */ = {
			isa = PBXGroup;
			children = (
				B9AE15CD22F5D7DA002B17EB /* Landmarks.app */,
				B9AE15E322F5D7DB002B17EB /* LandmarksTests.xctest */,
				B9AE15EE22F5D7DB002B17EB /* LandmarksUITests.xctest */,
			);
			name = Products;
			sourceTree = "<group>";
		};
		B9AE15CF22F5D7DA002B17EB /* Landmarks */ = {
			isa = PBXGroup;
			children = (
				B9AE15D022F5D7DA002B17EB /* AppDelegate.swift */,
				B9AE15D222F5D7DA002B17EB /* SceneDelegate.swift */,
				B9AE15D422F5D7DA002B17EB /* ContentView.swift */,
				B9AE15D622F5D7DB002B17EB /* Assets.xcassets */,
				B9C8BC6C22F5E3F1004A89DB /* CircleImage.swift */,
				B9AE15DB22F5D7DB002B17EB /* LaunchScreen.storyboard */,
				B9AE15DE22F5D7DB002B17EB /* Info.plist */,
				B9AE15D822F5D7DB002B17EB /* Preview Content */,
			);
			path = Landmarks;
			sourceTree = "<group>";
		};
		B9AE15D822F5D7DB002B17EB /* Preview Content */ = {
			isa = PBXGroup;
			children = (
				B9AE15D922F5D7DB002B17EB /* Preview Assets.xcassets */,
			);
			path = "Preview Content";
			sourceTree = "<group>";
		};
		B9AE15E622F5D7DB002B17EB /* LandmarksTests */ = {
			isa = PBXGroup;
			children = (
				B9AE15E722F5D7DB002B17EB /* LandmarksTests.swift */,
				B9AE15E922F5D7DB002B17EB /* Info.plist */,
			);
			path = LandmarksTests;
			sourceTree = "<group>";
		};
		B9AE15F122F5D7DB002B17EB /* LandmarksUITests */ = {
			isa = PBXGroup;
			children = (
				B9AE15F222F5D7DB002B17EB /* LandmarksUITests.swift */,
				B9AE15F422F5D7DB002B17EB /* Info.plist */,
			);
			path = LandmarksUITests;
			sourceTree = "<group>";
		};
/* End PBXGroup section */

/* Begin PBXNativeTarget section */
		B9AE15CC22F5D7DA002B17EB /* Landmarks */ = {
			isa = PBXNativeTarget;
			buildConfigurationList = B9AE15F722F5D7DB002B17EB /* Build configuration list for PBXNativeTarget "Landmarks" */;
			buildPhases = (
				B9AE15C922F5D7DA002B17EB /* Sources */,
				B9AE15CA22F5D7DA002B17EB /* Frameworks */,
				B9AE15CB22F5D7DA002B17EB /* Resources */,
			);
			buildRules = (
			);
			dependencies = (
			);
			name = Landmarks;
			productName = Landmarks;
			productReference = B9AE15CD22F5D7DA002B17EB /* Landmarks.app */;
			productType = "com.apple.product-type.application";
		};
		B9AE15E222F5D7DB002B17EB /* LandmarksTests */ = {
			isa = PBXNativeTarget;
			buildConfigurationList = B9AE15FA22F5D7DB002B17EB /* Build configuration list for PBXNativeTarget "LandmarksTests" */;
			buildPhases = (
				B9AE15DF22F5D7DB002B17EB /* Sources */,
				B9AE15E022F5D7DB002B17EB /* Frameworks */,
				B9AE15E122F5D7DB002B17EB /* Resources */,
			);
			buildRules = (
			);
			dependencies = (
				B9AE15E522F5D7DB002B17EB /* PBXTargetDependency */,
			);
			name = LandmarksTests;
			productName = LandmarksTests;
			productReference = B9AE15E322F5D7DB002B17EB /* LandmarksTests.xctest */;
			productType = "com.apple.product-type.bundle.unit-test";
		};
		B9AE15ED22F5D7DB002B17EB /* LandmarksUITests */ = {
			isa = PBXNativeTarget;
			buildConfigurationList = B9AE15FD22F5D7DB002B17EB /* Build configuration list for PBXNativeTarget "LandmarksUITests" */;
			buildPhases = (
				B9AE15EA22F5D7DB002B17EB /* Sources */,
				B9AE15EB22F5D7DB002B17EB /* Frameworks */,
				B9AE15EC22F5D7DB002B17EB /* Resources */,
			);
			buildRules = (
			);
			dependencies = (
				B9AE15F022F5D7DB002B17EB /* PBXTargetDependency */,
			);
			name = LandmarksUITests;
			productName = LandmarksUITests;
			productReference = B9AE15EE22F5D7DB002B17EB /* LandmarksUITests.xctest */;
			productType = "com.apple.product-type.bundle.ui-testing";
		};
/* End PBXNativeTarget section */

/* Begin PBXProject section */
		B9AE15C522F5D7DA002B17EB /* Project object */ = {
			isa = PBXProject;
			attributes = {
				LastSwiftUpdateCheck = 1100;
				LastUpgradeCheck = 1100;
				ORGANIZATIONNAME = tdrk18;
				TargetAttributes = {
					B9AE15CC22F5D7DA002B17EB = {
						CreatedOnToolsVersion = 11.0;
					};
					B9AE15E222F5D7DB002B17EB = {
						CreatedOnToolsVersion = 11.0;
						TestTargetID = B9AE15CC22F5D7DA002B17EB;
					};
					B9AE15ED22F5D7DB002B17EB = {
						CreatedOnToolsVersion = 11.0;
						TestTargetID = B9AE15CC22F5D7DA002B17EB;
					};
				};
			};
			buildConfigurationList = B9AE15C822F5D7DA002B17EB /* Build configuration list for PBXProject "Landmarks" */;
			compatibilityVersion = "Xcode 9.3";
			developmentRegion = en;
			hasScannedForEncodings = 0;
			knownRegions = (
				en,
				Base,
			);
			mainGroup = B9AE15C422F5D7DA002B17EB;
			productRefGroup = B9AE15CE22F5D7DA002B17EB /* Products */;
			projectDirPath = "";
			projectRoot = "";
			targets = (
				B9AE15CC22F5D7DA002B17EB /* Landmarks */,
				B9AE15E222F5D7DB002B17EB /* LandmarksTests */,
				B9AE15ED22F5D7DB002B17EB /* LandmarksUITests */,
			);
		};
/* End PBXProject section */

/* Begin PBXResourcesBuildPhase section */
		B9AE15CB22F5D7DA002B17EB /* Resources */ = {
			isa = PBXResourcesBuildPhase;
			buildActionMask = 2147483647;
			files = (
				B9AE15DD22F5D7DB002B17EB /* LaunchScreen.storyboard in Resources */,
				B9AE15DA22F5D7DB002B17EB /* Preview Assets.xcassets in Resources */,
				B9AE15D722F5D7DB002B17EB /* Assets.xcassets in Resources */,
			);
			runOnlyForDeploymentPostprocessing = 0;
		};
		B9AE15E122F5D7DB002B17EB /* Resources */ = {
			isa = PBXResourcesBuildPhase;
			buildActionMask = 2147483647;
			files = (
			);
			runOnlyForDeploymentPostprocessing = 0;
		};
		B9AE15EC22F5D7DB002B17EB /* Resources */ = {
			isa = PBXResourcesBuildPhase;
			buildActionMask = 2147483647;
			files = (
			);
			runOnlyForDeploymentPostprocessing = 0;
		};
/* End PBXResourcesBuildPhase section */

/* Begin PBXSourcesBuildPhase section */
		B9AE15C922F5D7DA002B17EB /* Sources */ = {
			isa = PBXSourcesBuildPhase;
			buildActionMask = 2147483647;
			files = (
				B9AE15D122F5D7DA002B17EB /* AppDelegate.swift in Sources */,
				B9C8BC6D22F5E3F1004A89DB /* CircleImage.swift in Sources */,
				B9AE15D322F5D7DA002B17EB /* SceneDelegate.swift in Sources */,
				B9AE15D522F5D7DA002B17EB /* ContentView.swift in Sources */,
			);
			runOnlyForDeploymentPostprocessing = 0;
		};
		B9AE15DF22F5D7DB002B17EB /* Sources */ = {
			isa = PBXSourcesBuildPhase;
			buildActionMask = 2147483647;
			files = (
				B9AE15E822F5D7DB002B17EB /* LandmarksTests.swift in Sources */,
			);
			runOnlyForDeploymentPostprocessing = 0;
		};
		B9AE15EA22F5D7DB002B17EB /* Sources */ = {
			isa = PBXSourcesBuildPhase;
			buildActionMask = 2147483647;
			files = (
				B9AE15F322F5D7DB002B17EB /* LandmarksUITests.swift in Sources */,
			);
			runOnlyForDeploymentPostprocessing = 0;
		};
/* End PBXSourcesBuildPhase section */

/* Begin PBXTargetDependency section */
		B9AE15E522F5D7DB002B17EB /* PBXTargetDependency */ = {
			isa = PBXTargetDependency;
			target = B9AE15CC22F5D7DA002B17EB /* Landmarks */;
			targetProxy = B9AE15E422F5D7DB002B17EB /* PBXContainerItemProxy */;
		};
		B9AE15F022F5D7DB002B17EB /* PBXTargetDependency */ = {
			isa = PBXTargetDependency;
			target = B9AE15CC22F5D7DA002B17EB /* Landmarks */;
			targetProxy = B9AE15EF22F5D7DB002B17EB /* PBXContainerItemProxy */;
		};
/* End PBXTargetDependency section */

/* Begin PBXVariantGroup section */
		B9AE15DB22F5D7DB002B17EB /* LaunchScreen.storyboard */ = {
			isa = PBXVariantGroup;
			children = (
				B9AE15DC22F5D7DB002B17EB /* Base */,
			);
			name = LaunchScreen.storyboard;
			sourceTree = "<group>";
		};
/* End PBXVariantGroup section */

/* Begin XCBuildConfiguration section */
		B9AE15F522F5D7DB002B17EB /* Debug */ = {
			isa = XCBuildConfiguration;
			buildSettings = {
				ALWAYS_SEARCH_USER_PATHS = NO;
				CLANG_ANALYZER_NONNULL = YES;
				CLANG_ANALYZER_NUMBER_OBJECT_CONVERSION = YES_AGGRESSIVE;
				CLANG_CXX_LANGUAGE_STANDARD = "gnu++14";
				CLANG_CXX_LIBRARY = "libc++";
				CLANG_ENABLE_MODULES = YES;
				CLANG_ENABLE_OBJC_ARC = YES;
				CLANG_ENABLE_OBJC_WEAK = YES;
				CLANG_WARN_BLOCK_CAPTURE_AUTORELEASING = YES;
				CLANG_WARN_BOOL_CONVERSION = YES;
				CLANG_WARN_COMMA = YES;
				CLANG_WARN_CONSTANT_CONVERSION = YES;
				CLANG_WARN_DEPRECATED_OBJC_IMPLEMENTATIONS = YES;
				CLANG_WARN_DIRECT_OBJC_ISA_USAGE = YES_ERROR;
				CLANG_WARN_DOCUMENTATION_COMMENTS = YES;
				CLANG_WARN_EMPTY_BODY = YES;
				CLANG_WARN_ENUM_CONVERSION = YES;
				CLANG_WARN_INFINITE_RECURSION = YES;
				CLANG_WARN_INT_CONVERSION = YES;
				CLANG_WARN_NON_LITERAL_NULL_CONVERSION = YES;
				CLANG_WARN_OBJC_IMPLICIT_RETAIN_SELF = YES;
				CLANG_WARN_OBJC_LITERAL_CONVERSION = YES;
				CLANG_WARN_OBJC_ROOT_CLASS = YES_ERROR;
				CLANG_WARN_RANGE_LOOP_ANALYSIS = YES;
				CLANG_WARN_STRICT_PROTOTYPES = YES;
				CLANG_WARN_SUSPICIOUS_MOVE = YES;
				CLANG_WARN_UNGUARDED_AVAILABILITY = YES_AGGRESSIVE;
				CLANG_WARN_UNREACHABLE_CODE = YES;
				CLANG_WARN__DUPLICATE_METHOD_MATCH = YES;
				COPY_PHASE_STRIP = NO;
				DEBUG_INFORMATION_FORMAT = dwarf;
				ENABLE_STRICT_OBJC_MSGSEND = YES;
				ENABLE_TESTABILITY = YES;
				GCC_C_LANGUAGE_STANDARD = gnu11;
				GCC_DYNAMIC_NO_PIC = NO;
				GCC_NO_COMMON_BLOCKS = YES;
				GCC_OPTIMIZATION_LEVEL = 0;
				GCC_PREPROCESSOR_DEFINITIONS = (
					"DEBUG=1",
					"$(inherited)",
				);
				GCC_WARN_64_TO_32_BIT_CONVERSION = YES;
				GCC_WARN_ABOUT_RETURN_TYPE = YES_ERROR;
				GCC_WARN_UNDECLARED_SELECTOR = YES;
				GCC_WARN_UNINITIALIZED_AUTOS = YES_AGGRESSIVE;
				GCC_WARN_UNUSED_FUNCTION = YES;
				GCC_WARN_UNUSED_VARIABLE = YES;
				IPHONEOS_DEPLOYMENT_TARGET = 13.0;
				MTL_ENABLE_DEBUG_INFO = INCLUDE_SOURCE;
				MTL_FAST_MATH = YES;
				ONLY_ACTIVE_ARCH = YES;
				SDKROOT = iphoneos;
				SWIFT_ACTIVE_COMPILATION_CONDITIONS = DEBUG;
				SWIFT_OPTIMIZATION_LEVEL = "-Onone";
			};
			name = Debug;
		};
		B9AE15F622F5D7DB002B17EB /* Release */ = {
			isa = XCBuildConfiguration;
			buildSettings = {
				ALWAYS_SEARCH_USER_PATHS = NO;
				CLANG_ANALYZER_NONNULL = YES;
				CLANG_ANALYZER_NUMBER_OBJECT_CONVERSION = YES_AGGRESSIVE;
				CLANG_CXX_LANGUAGE_STANDARD = "gnu++14";
				CLANG_CXX_LIBRARY = "libc++";
				CLANG_ENABLE_MODULES = YES;
				CLANG_ENABLE_OBJC_ARC = YES;
				CLANG_ENABLE_OBJC_WEAK = YES;
				CLANG_WARN_BLOCK_CAPTURE_AUTORELEASING = YES;
				CLANG_WARN_BOOL_CONVERSION = YES;
				CLANG_WARN_COMMA = YES;
				CLANG_WARN_CONSTANT_CONVERSION = YES;
				CLANG_WARN_DEPRECATED_OBJC_IMPLEMENTATIONS = YES;
				CLANG_WARN_DIRECT_OBJC_ISA_USAGE = YES_ERROR;
				CLANG_WARN_DOCUMENTATION_COMMENTS = YES;
				CLANG_WARN_EMPTY_BODY = YES;
				CLANG_WARN_ENUM_CONVERSION = YES;
				CLANG_WARN_INFINITE_RECURSION = YES;
				CLANG_WARN_INT_CONVERSION = YES;
				CLANG_WARN_NON_LITERAL_NULL_CONVERSION = YES;
				CLANG_WARN_OBJC_IMPLICIT_RETAIN_SELF = YES;
				CLANG_WARN_OBJC_LITERAL_CONVERSION = YES;
				CLANG_WARN_OBJC_ROOT_CLASS = YES_ERROR;
				CLANG_WARN_RANGE_LOOP_ANALYSIS = YES;
				CLANG_WARN_STRICT_PROTOTYPES = YES;
				CLANG_WARN_SUSPICIOUS_MOVE = YES;
				CLANG_WARN_UNGUARDED_AVAILABILITY = YES_AGGRESSIVE;
				CLANG_WARN_UNREACHABLE_CODE = YES;
				CLANG_WARN__DUPLICATE_METHOD_MATCH = YES;
				COPY_PHASE_STRIP = NO;
				DEBUG_INFORMATION_FORMAT = "dwarf-with-dsym";
				ENABLE_NS_ASSERTIONS = NO;
				ENABLE_STRICT_OBJC_MSGSEND = YES;
				GCC_C_LANGUAGE_STANDARD = gnu11;
				GCC_NO_COMMON_BLOCKS = YES;
				GCC_WARN_64_TO_32_BIT_CONVERSION = YES;
				GCC_WARN_ABOUT_RETURN_TYPE = YES_ERROR;
				GCC_WARN_UNDECLARED_SELECTOR = YES;
				GCC_WARN_UNINITIALIZED_AUTOS = YES_AGGRESSIVE;
				GCC_WARN_UNUSED_FUNCTION = YES;
				GCC_WARN_UNUSED_VARIABLE = YES;
				IPHONEOS_DEPLOYMENT_TARGET = 13.0;
				MTL_ENABLE_DEBUG_INFO = NO;
				MTL_FAST_MATH = YES;
				SDKROOT = iphoneos;
				SWIFT_COMPILATION_MODE = wholemodule;
				SWIFT_OPTIMIZATION_LEVEL = "-O";
				VALIDATE_PRODUCT = YES;
			};
			name = Release;
		};
		B9AE15F822F5D7DB002B17EB /* Debug */ = {
			isa = XCBuildConfiguration;
			buildSettings = {
				ASSETCATALOG_COMPILER_APPICON_NAME = AppIcon;
				CODE_SIGN_STYLE = Automatic;
				DEVELOPMENT_ASSET_PATHS = "Landmarks/Preview\\ Content";
				ENABLE_PREVIEWS = YES;
				INFOPLIST_FILE = Landmarks/Info.plist;
				LD_RUNPATH_SEARCH_PATHS = (
					"$(inherited)",
					"@executable_path/Frameworks",
				);
				PRODUCT_BUNDLE_IDENTIFIER = tdrk18.Landmarks;
				PRODUCT_NAME = "$(TARGET_NAME)";
				SWIFT_VERSION = 5.0;
				TARGETED_DEVICE_FAMILY = "1,2";
			};
			name = Debug;
		};
		B9AE15F922F5D7DB002B17EB /* Release */ = {
			isa = XCBuildConfiguration;
			buildSettings = {
				ASSETCATALOG_COMPILER_APPICON_NAME = AppIcon;
				CODE_SIGN_STYLE = Automatic;
				DEVELOPMENT_ASSET_PATHS = "Landmarks/Preview\\ Content";
				ENABLE_PREVIEWS = YES;
				INFOPLIST_FILE = Landmarks/Info.plist;
				LD_RUNPATH_SEARCH_PATHS = (
					"$(inherited)",
					"@executable_path/Frameworks",
				);
				PRODUCT_BUNDLE_IDENTIFIER = tdrk18.Landmarks;
				PRODUCT_NAME = "$(TARGET_NAME)";
				SWIFT_VERSION = 5.0;
				TARGETED_DEVICE_FAMILY = "1,2";
			};
			name = Release;
		};
		B9AE15FB22F5D7DB002B17EB /* Debug */ = {
			isa = XCBuildConfiguration;
			buildSettings = {
				ALWAYS_EMBED_SWIFT_STANDARD_LIBRARIES = YES;
				BUNDLE_LOADER = "$(TEST_HOST)";
				CODE_SIGN_STYLE = Automatic;
				INFOPLIST_FILE = LandmarksTests/Info.plist;
				LD_RUNPATH_SEARCH_PATHS = (
					"$(inherited)",
					"@executable_path/Frameworks",
					"@loader_path/Frameworks",
				);
				PRODUCT_BUNDLE_IDENTIFIER = tdrk18.LandmarksTests;
				PRODUCT_NAME = "$(TARGET_NAME)";
				SWIFT_VERSION = 5.0;
				TARGETED_DEVICE_FAMILY = "1,2";
				TEST_HOST = "$(BUILT_PRODUCTS_DIR)/Landmarks.app/Landmarks";
			};
			name = Debug;
		};
		B9AE15FC22F5D7DB002B17EB /* Release */ = {
			isa = XCBuildConfiguration;
			buildSettings = {
				ALWAYS_EMBED_SWIFT_STANDARD_LIBRARIES = YES;
				BUNDLE_LOADER = "$(TEST_HOST)";
				CODE_SIGN_STYLE = Automatic;
				INFOPLIST_FILE = LandmarksTests/Info.plist;
				LD_RUNPATH_SEARCH_PATHS = (
					"$(inherited)",
					"@executable_path/Frameworks",
					"@loader_path/Frameworks",
				);
				PRODUCT_BUNDLE_IDENTIFIER = tdrk18.LandmarksTests;
				PRODUCT_NAME = "$(TARGET_NAME)";
				SWIFT_VERSION = 5.0;
				TARGETED_DEVICE_FAMILY = "1,2";
				TEST_HOST = "$(BUILT_PRODUCTS_DIR)/Landmarks.app/Landmarks";
			};
			name = Release;
		};
		B9AE15FE22F5D7DB002B17EB /* Debug */ = {
			isa = XCBuildConfiguration;
			buildSettings = {
				ALWAYS_EMBED_SWIFT_STANDARD_LIBRARIES = YES;
				CODE_SIGN_STYLE = Automatic;
				INFOPLIST_FILE = LandmarksUITests/Info.plist;
				LD_RUNPATH_SEARCH_PATHS = (
					"$(inherited)",
					"@executable_path/Frameworks",
					"@loader_path/Frameworks",
				);
				PRODUCT_BUNDLE_IDENTIFIER = tdrk18.LandmarksUITests;
				PRODUCT_NAME = "$(TARGET_NAME)";
				SWIFT_VERSION = 5.0;
				TARGETED_DEVICE_FAMILY = "1,2";
				TEST_TARGET_NAME = Landmarks;
			};
			name = Debug;
		};
		B9AE15FF22F5D7DB002B17EB /* Release */ = {
			isa = XCBuildConfiguration;
			buildSettings = {
				ALWAYS_EMBED_SWIFT_STANDARD_LIBRARIES = YES;
				CODE_SIGN_STYLE = Automatic;
				INFOPLIST_FILE = LandmarksUITests/Info.plist;
				LD_RUNPATH_SEARCH_PATHS = (
					"$(inherited)",
					"@executable_path/Frameworks",
					"@loader_path/Frameworks",
				);
				PRODUCT_BUNDLE_IDENTIFIER = tdrk18.LandmarksUITests;
				PRODUCT_NAME = "$(TARGET_NAME)";
				SWIFT_VERSION = 5.0;
				TARGETED_DEVICE_FAMILY = "1,2";
				TEST_TARGET_NAME = Landmarks;
			};
			name = Release;
		};
/* End XCBuildConfiguration section */

/* Begin XCConfigurationList section */
		B9AE15C822F5D7DA002B17EB /* Build configuration list for PBXProject "Landmarks" */ = {
			isa = XCConfigurationList;
			buildConfigurations = (
				B9AE15F522F5D7DB002B17EB /* Debug */,
				B9AE15F622F5D7DB002B17EB /* Release */,
			);
			defaultConfigurationIsVisible = 0;
			defaultConfigurationName = Release;
		};
		B9AE15F722F5D7DB002B17EB /* Build configuration list for PBXNativeTarget "Landmarks" */ = {
			isa = XCConfigurationList;
			buildConfigurations = (
				B9AE15F822F5D7DB002B17EB /* Debug */,
				B9AE15F922F5D7DB002B17EB /* Release */,
			);
			defaultConfigurationIsVisible = 0;
			defaultConfigurationName = Release;
		};
		B9AE15FA22F5D7DB002B17EB /* Build configuration list for PBXNativeTarget "LandmarksTests" */ = {
			isa = XCConfigurationList;
			buildConfigurations = (
				B9AE15FB22F5D7DB002B17EB /* Debug */,
				B9AE15FC22F5D7DB002B17EB /* Release */,
			);
			defaultConfigurationIsVisible = 0;
			defaultConfigurationName = Release;
		};
		B9AE15FD22F5D7DB002B17EB /* Build configuration list for PBXNativeTarget "LandmarksUITests" */ = {
			isa = XCConfigurationList;
			buildConfigurations = (
				B9AE15FE22F5D7DB002B17EB /* Debug */,
				B9AE15FF22F5D7DB002B17EB /* Release */,
			);
			defaultConfigurationIsVisible = 0;
			defaultConfigurationName = Release;
		};
/* End XCConfigurationList section */
	};
	rootObject = B9AE15C522F5D7DA002B17EB /* Project object */;
}
